{
  "name": "tiny-templates",
  "version": "0.6.0",
  "lockfileVersion": 1,
  "requires": true,
  "dependencies": {
    "diff-dom": {
      "version": "2.4.0",
      "resolved": "https://registry.npmjs.org/diff-dom/-/diff-dom-2.4.0.tgz",
      "integrity": "sha512-7mcHAd1hgIVs0palmL3IUPWGGIsAfeE2hEBXkYSwZOlFY4gEjiHZhVD2+jD3TUXnpQWeR3vBfEEWsKiO7anHfg=="
    }
  }
}
